
Microsoft Visual Studio Solution File, Format Version 12.00
# Visual Studio Version 17
VisualStudioVersion = 17.8.34511.84
MinimumVisualStudioVersion = 10.0.40219.1
Project("{FAE04EC0-301F-11D3-BF4B-00C04F79EFBC}") = "webapp", "webapp\webapp.csproj", "{3A7936D5-26FD-4CB0-A635-76727776EE54}"
EndProject
Global
	GlobalSection(SolutionConfigurationPlatforms) = preSolution
		Debug|Any CPU = Debug|Any CPU
		Release|Any CPU = Release|Any CPU
	EndGlobalSection
	GlobalSection(ProjectConfigurationPlatforms) = postSolution
		{3A7936D5-26FD-4CB0-A635-76727776EE54}.Debug|Any CPU.ActiveCfg = Debug|Any CPU
		{3A7936D5-26FD-4CB0-A635-76727776EE54}.Debug|Any CPU.Build.0 = Debug|Any CPU
		{3A7936D5-26FD-4CB0-A635-76727776EE54}.Release|Any CPU.ActiveCfg = Release|Any CPU
		{3A7936D5-26FD-4CB0-A635-76727776EE54}.Release|Any CPU.Build.0 = Release|Any CPU
	EndGlobalSection
	GlobalSection(SolutionProperties) = preSolution
		HideSolutionNode = FALSE
	EndGlobalSection
	GlobalSection(ExtensibilityGlobals) = postSolution
		SolutionGuid = {03B8286D-B89C-4AE2-9758-A75A1AF52F15}
	EndGlobalSection
EndGlobal
